// !$*UTF8*$!
{
	archiveVersion = 1;
	classes = {
	};
	objectVersion = 46;
	objects = {

/* Begin PBXBuildFile section */
		884199941BFCF0D100FD3C1E /* PokeCell.swift in Sources */ = {isa = PBXBuildFile; fileRef = 884199931BFCF0D100FD3C1E /* PokeCell.swift */; };
		884199961BFCFAE500FD3C1E /* csv.swift in Sources */ = {isa = PBXBuildFile; fileRef = 884199951BFCFAE500FD3C1E /* csv.swift */; };
		8841999B1BFD190200FD3C1E /* PokemonSolid.ttf in Resources */ = {isa = PBXBuildFile; fileRef = 8841999A1BFD190200FD3C1E /* PokemonSolid.ttf */; };
		8841999D1BFD1CF100FD3C1E /* Assets.xcassets in Resources */ = {isa = PBXBuildFile; fileRef = 8841999C1BFD1CF100FD3C1E /* Assets.xcassets */; };
		8841999F1BFD1EBC00FD3C1E /* music.mp3 in Resources */ = {isa = PBXBuildFile; fileRef = 8841999E1BFD1EBC00FD3C1E /* music.mp3 */; };
		887BC63F1BFBBC3C00B272ED /* AppDelegate.swift in Sources */ = {isa = PBXBuildFile; fileRef = 887BC63E1BFBBC3C00B272ED /* AppDelegate.swift */; };
		887BC6411BFBBC3C00B272ED /* ViewController.swift in Sources */ = {isa = PBXBuildFile; fileRef = 887BC6401BFBBC3C00B272ED /* ViewController.swift */; };
		887BC6441BFBBC3C00B272ED /* Main.storyboard in Resources */ = {isa = PBXBuildFile; fileRef = 887BC6421BFBBC3C00B272ED /* Main.storyboard */; };
		887BC6491BFBBC3C00B272ED /* LaunchScreen.storyboard in Resources */ = {isa = PBXBuildFile; fileRef = 887BC6471BFBBC3C00B272ED /* LaunchScreen.storyboard */; };
		887BC6511BFBC19700B272ED /* pokemon.csv in Resources */ = {isa = PBXBuildFile; fileRef = 887BC6501BFBC19700B272ED /* pokemon.csv */; };
		887BC6541BFBC32700B272ED /* Pokemon.swift in Sources */ = {isa = PBXBuildFile; fileRef = 887BC6531BFBC32700B272ED /* Pokemon.swift */; };
		BFAC4DD1CF58A2D207A6E9FA /* Pods_MyPokedex.framework in Frameworks */ = {isa = PBXBuildFile; fileRef = C5B70305027E115B535C893D /* Pods_MyPokedex.framework */; };
/* End PBXBuildFile section */

/* Begin PBXFileReference section */
		841D891D4D106CE308387A20 /* Pods-MyPokedex.debug.xcconfig */ = {isa = PBXFileReference; includeInIndex = 1; lastKnownFileType = text.xcconfig; name = "Pods-MyPokedex.debug.xcconfig"; path = "Pods/Target Support Files/Pods-MyPokedex/Pods-MyPokedex.debug.xcconfig"; sourceTree = "<group>"; };
		884199931BFCF0D100FD3C1E /* PokeCell.swift */ = {isa = PBXFileReference; fileEncoding = 4; lastKnownFileType = sourcecode.swift; path = PokeCell.swift; sourceTree = "<group>"; };
		884199951BFCFAE500FD3C1E /* csv.swift */ = {isa = PBXFileReference; fileEncoding = 4; lastKnownFileType = sourcecode.swift; path = csv.swift; sourceTree = "<group>"; };
		8841999A1BFD190200FD3C1E /* PokemonSolid.ttf */ = {isa = PBXFileReference; lastKnownFileType = file; path = PokemonSolid.ttf; sourceTree = "<group>"; };
		8841999C1BFD1CF100FD3C1E /* Assets.xcassets */ = {isa = PBXFileReference; lastKnownFileType = folder.assetcatalog; path = Assets.xcassets; sourceTree = "<group>"; };
		8841999E1BFD1EBC00FD3C1E /* music.mp3 */ = {isa = PBXFileReference; lastKnownFileType = audio.mp3; path = music.mp3; sourceTree = "<group>"; };
		887BC63B1BFBBC3B00B272ED /* MyPokedex.app */ = {isa = PBXFileReference; explicitFileType = wrapper.application; includeInIndex = 0; path = MyPokedex.app; sourceTree = BUILT_PRODUCTS_DIR; };
		887BC63E1BFBBC3C00B272ED /* AppDelegate.swift */ = {isa = PBXFileReference; lastKnownFileType = sourcecode.swift; path = AppDelegate.swift; sourceTree = "<group>"; };
		887BC6401BFBBC3C00B272ED /* ViewController.swift */ = {isa = PBXFileReference; lastKnownFileType = sourcecode.swift; path = ViewController.swift; sourceTree = "<group>"; };
		887BC6431BFBBC3C00B272ED /* Base */ = {isa = PBXFileReference; lastKnownFileType = file.storyboard; name = Base; path = Base.lproj/Main.storyboard; sourceTree = "<group>"; };
		887BC6481BFBBC3C00B272ED /* Base */ = {isa = PBXFileReference; lastKnownFileType = file.storyboard; name = Base; path = Base.lproj/LaunchScreen.storyboard; sourceTree = "<group>"; };
		887BC64A1BFBBC3C00B272ED /* Info.plist */ = {isa = PBXFileReference; lastKnownFileType = text.plist.xml; path = Info.plist; sourceTree = "<group>"; };
		887BC6501BFBC19700B272ED /* pokemon.csv */ = {isa = PBXFileReference; fileEncoding = 4; lastKnownFileType = text; path = pokemon.csv; sourceTree = "<group>"; };
		887BC6531BFBC32700B272ED /* Pokemon.swift */ = {isa = PBXFileReference; fileEncoding = 4; lastKnownFileType = sourcecode.swift; path = Pokemon.swift; sourceTree = "<group>"; };
		B737D84B48773F61C5C1FF1E /* Pods-MyPokedex.release.xcconfig */ = {isa = PBXFileReference; includeInIndex = 1; lastKnownFileType = text.xcconfig; name = "Pods-MyPokedex.release.xcconfig"; path = "Pods/Target Support Files/Pods-MyPokedex/Pods-MyPokedex.release.xcconfig"; sourceTree = "<group>"; };
		C5B70305027E115B535C893D /* Pods_MyPokedex.framework */ = {isa = PBXFileReference; explicitFileType = wrapper.framework; includeInIndex = 0; path = Pods_MyPokedex.framework; sourceTree = BUILT_PRODUCTS_DIR; };
/* End PBXFileReference section */

/* Begin PBXFrameworksBuildPhase section */
		887BC6381BFBBC3B00B272ED /* Frameworks */ = {
			isa = PBXFrameworksBuildPhase;
			buildActionMask = 2147483647;
			files = (
				BFAC4DD1CF58A2D207A6E9FA /* Pods_MyPokedex.framework in Frameworks */,
			);
			runOnlyForDeploymentPostprocessing = 0;
		};
/* End PBXFrameworksBuildPhase section */

/* Begin PBXGroup section */
		175D14ED3F0D253696FA3977 /* Frameworks */ = {
			isa = PBXGroup;
			children = (
				C5B70305027E115B535C893D /* Pods_MyPokedex.framework */,
			);
			name = Frameworks;
			sourceTree = "<group>";
		};
		884199921BFCF09C00FD3C1E /* View */ = {
			isa = PBXGroup;
			children = (
				884199931BFCF0D100FD3C1E /* PokeCell.swift */,
			);
			name = View;
			sourceTree = "<group>";
		};
		884199971BFCFB0500FD3C1E /* Util */ = {
			isa = PBXGroup;
			children = (
				884199951BFCFAE500FD3C1E /* csv.swift */,
			);
			name = Util;
			sourceTree = "<group>";
		};
		884199981BFCFB1500FD3C1E /* Controller */ = {
			isa = PBXGroup;
			children = (
				887BC6401BFBBC3C00B272ED /* ViewController.swift */,
			);
			name = Controller;
			sourceTree = "<group>";
		};
		884199991BFCFB3100FD3C1E /* Resources */ = {
			isa = PBXGroup;
			children = (
				8841999E1BFD1EBC00FD3C1E /* music.mp3 */,
				8841999A1BFD190200FD3C1E /* PokemonSolid.ttf */,
				887BC6501BFBC19700B272ED /* pokemon.csv */,
			);
			name = Resources;
			sourceTree = "<group>";
		};
		887BC6321BFBBC3B00B272ED = {
			isa = PBXGroup;
			children = (
				887BC63D1BFBBC3B00B272ED /* MyPokedex */,
				887BC63C1BFBBC3B00B272ED /* Products */,
				D118E4AAB81D20EB10232AAB /* Pods */,
				175D14ED3F0D253696FA3977 /* Frameworks */,
			);
			sourceTree = "<group>";
		};
		887BC63C1BFBBC3B00B272ED /* Products */ = {
			isa = PBXGroup;
			children = (
				887BC63B1BFBBC3B00B272ED /* MyPokedex.app */,
			);
			name = Products;
			sourceTree = "<group>";
		};
		887BC63D1BFBBC3B00B272ED /* MyPokedex */ = {
			isa = PBXGroup;
			children = (
				887BC6521BFBC30600B272ED /* Model */,
				884199921BFCF09C00FD3C1E /* View */,
				884199981BFCFB1500FD3C1E /* Controller */,
				884199971BFCFB0500FD3C1E /* Util */,
				884199991BFCFB3100FD3C1E /* Resources */,
				887BC63E1BFBBC3C00B272ED /* AppDelegate.swift */,
				887BC6421BFBBC3C00B272ED /* Main.storyboard */,
				8841999C1BFD1CF100FD3C1E /* Assets.xcassets */,
				887BC6471BFBBC3C00B272ED /* LaunchScreen.storyboard */,
				887BC64A1BFBBC3C00B272ED /* Info.plist */,
			);
			path = MyPokedex;
			sourceTree = "<group>";
		};
		887BC6521BFBC30600B272ED /* Model */ = {
			isa = PBXGroup;
			children = (
				887BC6531BFBC32700B272ED /* Pokemon.swift */,
			);
			name = Model;
			sourceTree = "<group>";
		};
		D118E4AAB81D20EB10232AAB /* Pods */ = {
			isa = PBXGroup;
			children = (
				841D891D4D106CE308387A20 /* Pods-MyPokedex.debug.xcconfig */,
				B737D84B48773F61C5C1FF1E /* Pods-MyPokedex.release.xcconfig */,
			);
			name = Pods;
			sourceTree = "<group>";
		};
/* End PBXGroup section */

/* Begin PBXNativeTarget section */
		887BC63A1BFBBC3B00B272ED /* MyPokedex */ = {
			isa = PBXNativeTarget;
			buildConfigurationList = 887BC64D1BFBBC3C00B272ED /* Build configuration list for PBXNativeTarget "MyPokedex" */;
			buildPhases = (
				C8A1E8AEC727C8C3B979093D /* Check Pods Manifest.lock */,
				887BC6371BFBBC3B00B272ED /* Sources */,
				887BC6381BFBBC3B00B272ED /* Frameworks */,
				887BC6391BFBBC3B00B272ED /* Resources */,
				2126DFCE4FFEB70CB84CB397 /* Embed Pods Frameworks */,
				BE9B2A68B202613EC1E15964 /* Copy Pods Resources */,
			);
			buildRules = (
			);
			dependencies = (
			);
			name = MyPokedex;
			productName = MyPokedex;
			productReference = 887BC63B1BFBBC3B00B272ED /* MyPokedex.app */;
			productType = "com.apple.product-type.application";
		};
/* End PBXNativeTarget section */

/* Begin PBXProject section */
		887BC6331BFBBC3B00B272ED /* Project object */ = {
			isa = PBXProject;
			attributes = {
				LastSwiftUpdateCheck = 0710;
				LastUpgradeCheck = 0710;
				ORGANIZATIONNAME = "Bryan Ebert";
				TargetAttributes = {
					887BC63A1BFBBC3B00B272ED = {
						CreatedOnToolsVersion = 7.1.1;
					};
				};
			};
			buildConfigurationList = 887BC6361BFBBC3B00B272ED /* Build configuration list for PBXProject "MyPokedex" */;
			compatibilityVersion = "Xcode 3.2";
			developmentRegion = English;
			hasScannedForEncodings = 0;
			knownRegions = (
				en,
				Base,
			);
			mainGroup = 887BC6321BFBBC3B00B272ED;
			productRefGroup = 887BC63C1BFBBC3B00B272ED /* Products */;
			projectDirPath = "";
			projectRoot = "";
			targets = (
				887BC63A1BFBBC3B00B272ED /* MyPokedex */,
			);
		};
/* End PBXProject section */

/* Begin PBXResourcesBuildPhase section */
		887BC6391BFBBC3B00B272ED /* Resources */ = {
			isa = PBXResourcesBuildPhase;
			buildActionMask = 2147483647;
			files = (
				8841999B1BFD190200FD3C1E /* PokemonSolid.ttf in Resources */,
				887BC6491BFBBC3C00B272ED /* LaunchScreen.storyboard in Resources */,
				8841999F1BFD1EBC00FD3C1E /* music.mp3 in Resources */,
				887BC6511BFBC19700B272ED /* pokemon.csv in Resources */,
				887BC6441BFBBC3C00B272ED /* Main.storyboard in Resources */,
				8841999D1BFD1CF100FD3C1E /* Assets.xcassets in Resources */,
			);
			runOnlyForDeploymentPostprocessing = 0;
		};
/* End PBXResourcesBuildPhase section */

/* Begin PBXShellScriptBuildPhase section */
		2126DFCE4FFEB70CB84CB397 /* Embed Pods Frameworks */ = {
			isa = PBXShellScriptBuildPhase;
			buildActionMask = 2147483647;
			files = (
			);
			inputPaths = (
			);
			name = "Embed Pods Frameworks";
			outputPaths = (
			);
			runOnlyForDeploymentPostprocessing = 0;
			shellPath = /bin/sh;
			shellScript = "\"${SRCROOT}/Pods/Target Support Files/Pods-MyPokedex/Pods-MyPokedex-frameworks.sh\"\n";
			showEnvVarsInLog = 0;
		};
		BE9B2A68B202613EC1E15964 /* Copy Pods Resources */ = {
			isa = PBXShellScriptBuildPhase;
			buildActionMask = 2147483647;
			files = (
			);
			inputPaths = (
			);
			name = "Copy Pods Resources";
			outputPaths = (
			);
			runOnlyForDeploymentPostprocessing = 0;
			shellPath = /bin/sh;
			shellScript = "\"${SRCROOT}/Pods/Target Support Files/Pods-MyPokedex/Pods-MyPokedex-resources.sh\"\n";
			showEnvVarsInLog = 0;
		};
		C8A1E8AEC727C8C3B979093D /* Check Pods Manifest.lock */ = {
			isa = PBXShellScriptBuildPhase;
			buildActionMask = 2147483647;
			files = (
			);
			inputPaths = (
			);
			name = "Check Pods Manifest.lock";
			outputPaths = (
			);
			runOnlyForDeploymentPostprocessing = 0;
			shellPath = /bin/sh;
			shellScript = "diff \"${PODS_ROOT}/../Podfile.lock\" \"${PODS_ROOT}/Manifest.lock\" > /dev/null\nif [[ $? != 0 ]] ; then\n    cat << EOM\nerror: The sandbox is not in sync with the Podfile.lock. Run 'pod install' or update your CocoaPods installation.\nEOM\n    exit 1\nfi\n";
			showEnvVarsInLog = 0;
		};
/* End PBXShellScriptBuildPhase section */

/* Begin PBXSourcesBuildPhase section */
		887BC6371BFBBC3B00B272ED /* Sources */ = {
			isa = PBXSourcesBuildPhase;
			buildActionMask = 2147483647;
			files = (
				884199941BFCF0D100FD3C1E /* PokeCell.swift in Sources */,
				887BC6411BFBBC3C00B272ED /* ViewController.swift in Sources */,
				887BC63F1BFBBC3C00B272ED /* AppDelegate.swift in Sources */,
				887BC6541BFBC32700B272ED /* Pokemon.swift in Sources */,
				884199961BFCFAE500FD3C1E /* csv.swift in Sources */,
			);
			runOnlyForDeploymentPostprocessing = 0;
		};
/* End PBXSourcesBuildPhase section */

/* Begin PBXVariantGroup section */
		887BC6421BFBBC3C00B272ED /* Main.storyboard */ = {
			isa = PBXVariantGroup;
			children = (
				887BC6431BFBBC3C00B272ED /* Base */,
			);
			name = Main.storyboard;
			sourceTree = "<group>";
		};
		887BC6471BFBBC3C00B272ED /* LaunchScreen.storyboard */ = {
			isa = PBXVariantGroup;
			children = (
				887BC6481BFBBC3C00B272ED /* Base */,
			);
			name = LaunchScreen.storyboard;
			sourceTree = "<group>";
		};
/* End PBXVariantGroup section */

/* Begin XCBuildConfiguration section */
		887BC64B1BFBBC3C00B272ED /* Debug */ = {
			isa = XCBuildConfiguration;
			buildSettings = {
				ALWAYS_SEARCH_USER_PATHS = NO;
				CLANG_CXX_LANGUAGE_STANDARD = "gnu++0x";
				CLANG_CXX_LIBRARY = "libc++";
				CLANG_ENABLE_MODULES = YES;
				CLANG_ENABLE_OBJC_ARC = YES;
				CLANG_WARN_BOOL_CONVERSION = YES;
				CLANG_WARN_CONSTANT_CONVERSION = YES;
				CLANG_WARN_DIRECT_OBJC_ISA_USAGE = YES_ERROR;
				CLANG_WARN_EMPTY_BODY = YES;
				CLANG_WARN_ENUM_CONVERSION = YES;
				CLANG_WARN_INT_CONVERSION = YES;
				CLANG_WARN_OBJC_ROOT_CLASS = YES_ERROR;
				CLANG_WARN_UNREACHABLE_CODE = YES;
				CLANG_WARN__DUPLICATE_METHOD_MATCH = YES;
				"CODE_SIGN_IDENTITY[sdk=iphoneos*]" = "iPhone Developer";
				COPY_PHASE_STRIP = NO;
				DEBUG_INFORMATION_FORMAT = dwarf;
				ENABLE_STRICT_OBJC_MSGSEND = YES;
				ENABLE_TESTABILITY = YES;
				GCC_C_LANGUAGE_STANDARD = gnu99;
				GCC_DYNAMIC_NO_PIC = NO;
				GCC_NO_COMMON_BLOCKS = YES;
				GCC_OPTIMIZATION_LEVEL = 0;
				GCC_PREPROCESSOR_DEFINITIONS = (
					"DEBUG=1",
					"$(inherited)",
				);
				GCC_WARN_64_TO_32_BIT_CONVERSION = YES;
				GCC_WARN_ABOUT_RETURN_TYPE = YES_ERROR;
				GCC_WARN_UNDECLARED_SELECTOR = YES;
				GCC_WARN_UNINITIALIZED_AUTOS = YES_AGGRESSIVE;
				GCC_WARN_UNUSED_FUNCTION = YES;
				GCC_WARN_UNUSED_VARIABLE = YES;
				IPHONEOS_DEPLOYMENT_TARGET = 9.1;
				MTL_ENABLE_DEBUG_INFO = YES;
				ONLY_ACTIVE_ARCH = YES;
				SDKROOT = iphoneos;
				SWIFT_OPTIMIZATION_LEVEL = "-Onone";
				TARGETED_DEVICE_FAMILY = "1,2";
			};
			name = Debug;
		};
		887BC64C1BFBBC3C00B272ED /* Release */ = {
			isa = XCBuildConfiguration;
			buildSettings = {
				ALWAYS_SEARCH_USER_PATHS = NO;
				CLANG_CXX_LANGUAGE_STANDARD = "gnu++0x";
				CLANG_CXX_LIBRARY = "libc++";
				CLANG_ENABLE_MODULES = YES;
				CLANG_ENABLE_OBJC_ARC = YES;
				CLANG_WARN_BOOL_CONVERSION = YES;
				CLANG_WARN_CONSTANT_CONVERSION = YES;
				CLANG_WARN_DIRECT_OBJC_ISA_USAGE = YES_ERROR;
				CLANG_WARN_EMPTY_BODY = YES;
				CLANG_WARN_ENUM_CONVERSION = YES;
				CLANG_WARN_INT_CONVERSION = YES;
				CLANG_WARN_OBJC_ROOT_CLASS = YES_ERROR;
				CLANG_WARN_UNREACHABLE_CODE = YES;
				CLANG_WARN__DUPLICATE_METHOD_MATCH = YES;
				"CODE_SIGN_IDENTITY[sdk=iphoneos*]" = "iPhone Developer";
				COPY_PHASE_STRIP = NO;
				DEBUG_INFORMATION_FORMAT = "dwarf-with-dsym";
				ENABLE_NS_ASSERTIONS = NO;
				ENABLE_STRICT_OBJC_MSGSEND = YES;
				GCC_C_LANGUAGE_STANDARD = gnu99;
				GCC_NO_COMMON_BLOCKS = YES;
				GCC_WARN_64_TO_32_BIT_CONVERSION = YES;
				GCC_WARN_ABOUT_RETURN_TYPE = YES_ERROR;
				GCC_WARN_UNDECLARED_SELECTOR = YES;
				GCC_WARN_UNINITIALIZED_AUTOS = YES_AGGRESSIVE;
				GCC_WARN_UNUSED_FUNCTION = YES;
				GCC_WARN_UNUSED_VARIABLE = YES;
				IPHONEOS_DEPLOYMENT_TARGET = 9.1;
				MTL_ENABLE_DEBUG_INFO = NO;
				SDKROOT = iphoneos;
				TARGETED_DEVICE_FAMILY = "1,2";
				VALIDATE_PRODUCT = YES;
			};
			name = Release;
		};
		887BC64E1BFBBC3C00B272ED /* Debug */ = {
			isa = XCBuildConfiguration;
			baseConfigurationReference = 841D891D4D106CE308387A20 /* Pods-MyPokedex.debug.xcconfig */;
			buildSettings = {
				ASSETCATALOG_COMPILER_APPICON_NAME = AppIcon;
				INFOPLIST_FILE = MyPokedex/Info.plist;
				LD_RUNPATH_SEARCH_PATHS = "$(inherited) @executable_path/Frameworks";
				PRODUCT_BUNDLE_IDENTIFIER = com.bryanebert.MyPokedex;
				PRODUCT_NAME = "$(TARGET_NAME)";
			};
			name = Debug;
		};
		887BC64F1BFBBC3C00B272ED /* Release */ = {
			isa = XCBuildConfiguration;
			baseConfigurationReference = B737D84B48773F61C5C1FF1E /* Pods-MyPokedex.release.xcconfig */;
			buildSettings = {
				ASSETCATALOG_COMPILER_APPICON_NAME = AppIcon;
				INFOPLIST_FILE = MyPokedex/Info.plist;
				LD_RUNPATH_SEARCH_PATHS = "$(inherited) @executable_path/Frameworks";
				PRODUCT_BUNDLE_IDENTIFIER = com.bryanebert.MyPokedex;
				PRODUCT_NAME = "$(TARGET_NAME)";
			};
			name = Release;
		};
/* End XCBuildConfiguration section */

/* Begin XCConfigurationList section */
		887BC6361BFBBC3B00B272ED /* Build configuration list for PBXProject "MyPokedex" */ = {
			isa = XCConfigurationList;
			buildConfigurations = (
				887BC64B1BFBBC3C00B272ED /* Debug */,
				887BC64C1BFBBC3C00B272ED /* Release */,
			);
			defaultConfigurationIsVisible = 0;
			defaultConfigurationName = Release;
		};
		887BC64D1BFBBC3C00B272ED /* Build configuration list for PBXNativeTarget "MyPokedex" */ = {
			isa = XCConfigurationList;
			buildConfigurations = (
				887BC64E1BFBBC3C00B272ED /* Debug */,
				887BC64F1BFBBC3C00B272ED /* Release */,
			);
			defaultConfigurationIsVisible = 0;
			defaultConfigurationName = Release;
		};
/* End XCConfigurationList section */
	};
	rootObject = 887BC6331BFBBC3B00B272ED /* Project object */;
}
